
Microsoft Visual Studio Solution File, Format Version 12.00
# Visual Studio Version 17
VisualStudioVersion = 17.14.36202.13 d17.14
MinimumVisualStudioVersion = 10.0.40219.1
Project("{FAE04EC0-301F-11D3-BF4B-00C04F79EFBC}") = "MyApp.Presentation", "MyApp.Presentation\MyApp.Presentation.csproj", "{5D9E3FA6-A142-4291-ADAC-88146BA6BBF7}"
EndProject
Project("{FAE04EC0-301F-11D3-BF4B-00C04F79EFBC}") = "MyApp.Business", "MyApp.Business\MyApp.Business.csproj", "{A74C49BD-EE71-4812-8EAD-F7AF5F7B86C8}"
EndProject
Project("{FAE04EC0-301F-11D3-BF4B-00C04F79EFBC}") = "MyApp.DataAccess", "MyApp.DataAccess\MyApp.DataAccess.csproj", "{26542BBF-5104-4077-A81E-EAECDA8733A7}"
EndProject
Project("{FAE04EC0-301F-11D3-BF4B-00C04F79EFBC}") = "MyApp.Entities", "MyApp.Entities\MyApp.Entities.csproj", "{728BFEB4-9401-42F2-888F-940175B7451E}"
EndProject
Global
	GlobalSection(SolutionConfigurationPlatforms) = preSolution
		Debug|Any CPU = Debug|Any CPU
		Release|Any CPU = Release|Any CPU
	EndGlobalSection
	GlobalSection(ProjectConfigurationPlatforms) = postSolution
		{5D9E3FA6-A142-4291-ADAC-88146BA6BBF7}.Debug|Any CPU.ActiveCfg = Debug|Any CPU
		{5D9E3FA6-A142-4291-ADAC-88146BA6BBF7}.Debug|Any CPU.Build.0 = Debug|Any CPU
		{5D9E3FA6-A142-4291-ADAC-88146BA6BBF7}.Release|Any CPU.ActiveCfg = Release|Any CPU
		{5D9E3FA6-A142-4291-ADAC-88146BA6BBF7}.Release|Any CPU.Build.0 = Release|Any CPU
		{A74C49BD-EE71-4812-8EAD-F7AF5F7B86C8}.Debug|Any CPU.ActiveCfg = Debug|Any CPU
		{A74C49BD-EE71-4812-8EAD-F7AF5F7B86C8}.Debug|Any CPU.Build.0 = Debug|Any CPU
		{A74C49BD-EE71-4812-8EAD-F7AF5F7B86C8}.Release|Any CPU.ActiveCfg = Release|Any CPU
		{A74C49BD-EE71-4812-8EAD-F7AF5F7B86C8}.Release|Any CPU.Build.0 = Release|Any CPU
		{26542BBF-5104-4077-A81E-EAECDA8733A7}.Debug|Any CPU.ActiveCfg = Debug|Any CPU
		{26542BBF-5104-4077-A81E-EAECDA8733A7}.Debug|Any CPU.Build.0 = Debug|Any CPU
		{26542BBF-5104-4077-A81E-EAECDA8733A7}.Release|Any CPU.ActiveCfg = Release|Any CPU
		{26542BBF-5104-4077-A81E-EAECDA8733A7}.Release|Any CPU.Build.0 = Release|Any CPU
		{728BFEB4-9401-42F2-888F-940175B7451E}.Debug|Any CPU.ActiveCfg = Debug|Any CPU
		{728BFEB4-9401-42F2-888F-940175B7451E}.Debug|Any CPU.Build.0 = Debug|Any CPU
		{728BFEB4-9401-42F2-888F-940175B7451E}.Release|Any CPU.ActiveCfg = Release|Any CPU
		{728BFEB4-9401-42F2-888F-940175B7451E}.Release|Any CPU.Build.0 = Release|Any CPU
	EndGlobalSection
	GlobalSection(SolutionProperties) = preSolution
		HideSolutionNode = FALSE
	EndGlobalSection
	GlobalSection(ExtensibilityGlobals) = postSolution
		SolutionGuid = {06187C70-2D50-49B8-B932-0A7F68A571EF}
	EndGlobalSection
EndGlobal
